
Microsoft Visual Studio Solution File, Format Version 12.00
# Visual Studio Version 17
VisualStudioVersion = 17.12.35521.163 d17.12
MinimumVisualStudioVersion = 10.0.40219.1
Project("{F184B08F-C81C-45F6-A57F-5ABD9991F28F}") = "Modular Basic", "Modular Basic.vbproj", "{BFDCB247-81A4-48C1-BAEE-DA7A53994F8B}"
EndProject
Global
	GlobalSection(SolutionConfigurationPlatforms) = preSolution
		Debug|Any CPU = Debug|Any CPU
		Release|Any CPU = Release|Any CPU
	EndGlobalSection
	GlobalSection(ProjectConfigurationPlatforms) = postSolution
		{BFDCB247-81A4-48C1-BAEE-DA7A53994F8B}.Debug|Any CPU.ActiveCfg = Debug|Any CPU
		{BFDCB247-81A4-48C1-BAEE-DA7A53994F8B}.Debug|Any CPU.Build.0 = Debug|Any CPU
		{BFDCB247-81A4-48C1-BAEE-DA7A53994F8B}.Release|Any CPU.ActiveCfg = Release|Any CPU
		{BFDCB247-81A4-48C1-BAEE-DA7A53994F8B}.Release|Any CPU.Build.0 = Release|Any CPU
	EndGlobalSection
	GlobalSection(SolutionProperties) = preSolution
		HideSolutionNode = FALSE
	EndGlobalSection
EndGlobal
